
Microsoft Visual Studio Solution File, Format Version 12.00
# Visual Studio 2012
Project("{FAE04EC0-301F-11D3-BF4B-00C04F79EFBC}") = "D-DWM-PG", "WindowsFormsApplication1\D-DWM-PG.csproj", "{F413CD56-AE1C-4F19-9D17-59F1EA761EB4}"
EndProject
Project("{FAE04EC0-301F-11D3-BF4B-00C04F79EFBC}") = "AxlesGL", "AxlesGL\AxlesGL.csproj", "{826F4EE4-C9F5-45DF-AA1B-634A9553E5C3}"
EndProject
Global
	GlobalSection(SolutionConfigurationPlatforms) = preSolution
		Debug|Any CPU = Debug|Any CPU
		Release|Any CPU = Release|Any CPU
	EndGlobalSection
	GlobalSection(ProjectConfigurationPlatforms) = postSolution
		{F413CD56-AE1C-4F19-9D17-59F1EA761EB4}.Debug|Any CPU.ActiveCfg = Debug|Any CPU
		{F413CD56-AE1C-4F19-9D17-59F1EA761EB4}.Debug|Any CPU.Build.0 = Debug|Any CPU
		{F413CD56-AE1C-4F19-9D17-59F1EA761EB4}.Release|Any CPU.ActiveCfg = Release|Any CPU
		{F413CD56-AE1C-4F19-9D17-59F1EA761EB4}.Release|Any CPU.Build.0 = Release|Any CPU
		{826F4EE4-C9F5-45DF-AA1B-634A9553E5C3}.Debug|Any CPU.ActiveCfg = Debug|Any CPU
		{826F4EE4-C9F5-45DF-AA1B-634A9553E5C3}.Debug|Any CPU.Build.0 = Debug|Any CPU
		{826F4EE4-C9F5-45DF-AA1B-634A9553E5C3}.Release|Any CPU.ActiveCfg = Release|Any CPU
		{826F4EE4-C9F5-45DF-AA1B-634A9553E5C3}.Release|Any CPU.Build.0 = Release|Any CPU
	EndGlobalSection
	GlobalSection(SolutionProperties) = preSolution
		HideSolutionNode = FALSE
	EndGlobalSection
EndGlobal
